
Microsoft Visual Studio Solution File, Format Version 12.00
# Visual Studio Version 17
VisualStudioVersion = 17.8.34330.188
MinimumVisualStudioVersion = 10.0.40219.1
Project("{FAE04EC0-301F-11D3-BF4B-00C04F79EFBC}") = "MeetingApp", "MeetingApp\MeetingApp.csproj", "{50C15F74-4CAB-4DE3-9162-6562A23C2BFD}"
EndProject
Global
	GlobalSection(SolutionConfigurationPlatforms) = preSolution
		Debug|Any CPU = Debug|Any CPU
		Release|Any CPU = Release|Any CPU
	EndGlobalSection
	GlobalSection(ProjectConfigurationPlatforms) = postSolution
		{50C15F74-4CAB-4DE3-9162-6562A23C2BFD}.Debug|Any CPU.ActiveCfg = Debug|Any CPU
		{50C15F74-4CAB-4DE3-9162-6562A23C2BFD}.Debug|Any CPU.Build.0 = Debug|Any CPU
		{50C15F74-4CAB-4DE3-9162-6562A23C2BFD}.Release|Any CPU.ActiveCfg = Release|Any CPU
		{50C15F74-4CAB-4DE3-9162-6562A23C2BFD}.Release|Any CPU.Build.0 = Release|Any CPU
	EndGlobalSection
	GlobalSection(SolutionProperties) = preSolution
		HideSolutionNode = FALSE
	EndGlobalSection
	GlobalSection(ExtensibilityGlobals) = postSolution
		SolutionGuid = {329EACB5-11F8-449C-B4A2-42DB87CF5564}
	EndGlobalSection
EndGlobal
